// !$*UTF8*$!
{
	archiveVersion = 1;
	classes = {
	};
	objectVersion = 56;
	objects = {

/* Begin PBXBuildFile section */
		B1044DD52C7D0E890066EA23 /* MarsPhotoDestination.swift in Sources */ = {isa = PBXBuildFile; fileRef = B1044DD42C7D0E890066EA23 /* MarsPhotoDestination.swift */; };
		B1044DD72C7D19040066EA23 /* HistoryCardViewModel.swift in Sources */ = {isa = PBXBuildFile; fileRef = B1044DD62C7D19040066EA23 /* HistoryCardViewModel.swift */; };
		B1044DDA2C7D1B730066EA23 /* HistoryContentConverter.swift in Sources */ = {isa = PBXBuildFile; fileRef = B1044DD92C7D1B730066EA23 /* HistoryContentConverter.swift */; };
		B10550122C7B36FB00B10169 /* HomeNavigationBarView.swift in Sources */ = {isa = PBXBuildFile; fileRef = B10550112C7B36FB00B10169 /* HomeNavigationBarView.swift */; };
		B10A10982C7DA60900739D83 /* HistoryNavBarView.swift in Sources */ = {isa = PBXBuildFile; fileRef = B10A10972C7DA60900739D83 /* HistoryNavBarView.swift */; };
		B10A109D2C7E135200739D83 /* CachedImageView.swift in Sources */ = {isa = PBXBuildFile; fileRef = B10A109C2C7E135200739D83 /* CachedImageView.swift */; };
		B10A109F2C7E136000739D83 /* CachedImageViewModel.swift in Sources */ = {isa = PBXBuildFile; fileRef = B10A109E2C7E136000739D83 /* CachedImageViewModel.swift */; };
		B115E41E2C7FA34A0048C337 /* FilterType.swift in Sources */ = {isa = PBXBuildFile; fileRef = B115E41D2C7FA34A0048C337 /* FilterType.swift */; };
		B115E4212C7FA6CE0048C337 /* FilterView.swift in Sources */ = {isa = PBXBuildFile; fileRef = B115E4202C7FA6CE0048C337 /* FilterView.swift */; };
		B123D3C92C7B74FB003E95B6 /* HistoryView.swift in Sources */ = {isa = PBXBuildFile; fileRef = B123D3C82C7B74FB003E95B6 /* HistoryView.swift */; };
		B123D3CD2C7B7C59003E95B6 /* HomeFlow.swift in Sources */ = {isa = PBXBuildFile; fileRef = B123D3CC2C7B7C59003E95B6 /* HomeFlow.swift */; };
		B123D3D12C7B8032003E95B6 /* HistoryViewModel.swift in Sources */ = {isa = PBXBuildFile; fileRef = B123D3D02C7B8032003E95B6 /* HistoryViewModel.swift */; };
		B13179CA2C79CBE800C43010 /* TextModifier.swift in Sources */ = {isa = PBXBuildFile; fileRef = B13179C92C79CBE800C43010 /* TextModifier.swift */; };
		B13179CC2C79D13300C43010 /* CardView.swift in Sources */ = {isa = PBXBuildFile; fileRef = B13179CB2C79D13300C43010 /* CardView.swift */; };
		B13179CE2C79E1A200C43010 /* CardRowView.swift in Sources */ = {isa = PBXBuildFile; fileRef = B13179CD2C79E1A200C43010 /* CardRowView.swift */; };
		B13F021C2C79311A00A69465 /* MarsPhotoApp.swift in Sources */ = {isa = PBXBuildFile; fileRef = B13F021B2C79311A00A69465 /* MarsPhotoApp.swift */; };
		B13F021E2C79311A00A69465 /* ContentView.swift in Sources */ = {isa = PBXBuildFile; fileRef = B13F021D2C79311A00A69465 /* ContentView.swift */; };
		B13F02202C79311B00A69465 /* Assets.xcassets in Resources */ = {isa = PBXBuildFile; fileRef = B13F021F2C79311B00A69465 /* Assets.xcassets */; };
		B13F02232C79311B00A69465 /* Preview Assets.xcassets in Resources */ = {isa = PBXBuildFile; fileRef = B13F02222C79311B00A69465 /* Preview Assets.xcassets */; };
		B13F02252C79311B00A69465 /* Persistence.swift in Sources */ = {isa = PBXBuildFile; fileRef = B13F02242C79311B00A69465 /* Persistence.swift */; };
		B13F02282C79311B00A69465 /* MarsPhoto.xcdatamodeld in Sources */ = {isa = PBXBuildFile; fileRef = B13F02262C79311B00A69465 /* MarsPhoto.xcdatamodeld */; };
		B13F02302C79324000A69465 /* Lottie in Frameworks */ = {isa = PBXBuildFile; productRef = B13F022F2C79324000A69465 /* Lottie */; };
		B13F02342C79331500A69465 /* loadingItem.json in Resources */ = {isa = PBXBuildFile; fileRef = B13F02332C79331500A69465 /* loadingItem.json */; };
		B13F023C2C79344500A69465 /* APIkey.swift in Sources */ = {isa = PBXBuildFile; fileRef = B13F023B2C79344500A69465 /* APIkey.swift */; };
		B13F023E2C79347900A69465 /* PhotosResponse.swift in Sources */ = {isa = PBXBuildFile; fileRef = B13F023D2C79347900A69465 /* PhotosResponse.swift */; };
		B13F02402C7934A900A69465 /* Photo.swift in Sources */ = {isa = PBXBuildFile; fileRef = B13F023F2C7934A900A69465 /* Photo.swift */; };
		B13F02432C7934C800A69465 /* Rover.swift in Sources */ = {isa = PBXBuildFile; fileRef = B13F02422C7934C800A69465 /* Rover.swift */; };
		B13F02472C7934FB00A69465 /* Camera.swift in Sources */ = {isa = PBXBuildFile; fileRef = B13F02462C7934FB00A69465 /* Camera.swift */; };
		B13F024D2C79354C00A69465 /* MarsPhotosError.swift in Sources */ = {isa = PBXBuildFile; fileRef = B13F024C2C79354C00A69465 /* MarsPhotosError.swift */; };
		B13F024F2C79357200A69465 /* NetworkService.swift in Sources */ = {isa = PBXBuildFile; fileRef = B13F024E2C79357200A69465 /* NetworkService.swift */; };
		B13F02512C79359D00A69465 /* PreloaderView.swift in Sources */ = {isa = PBXBuildFile; fileRef = B13F02502C79359D00A69465 /* PreloaderView.swift */; };
		B13F02542C79378100A69465 /* HomeView.swift in Sources */ = {isa = PBXBuildFile; fileRef = B13F02532C79378100A69465 /* HomeView.swift */; };
		B13F02562C79379D00A69465 /* HomeViewModel.swift in Sources */ = {isa = PBXBuildFile; fileRef = B13F02552C79379D00A69465 /* HomeViewModel.swift */; };
		B14201462C7B153800F4D1D6 /* HomeContentConverter.swift in Sources */ = {isa = PBXBuildFile; fileRef = B14201452C7B153800F4D1D6 /* HomeContentConverter.swift */; };
		B142014B2C7B2C6600F4D1D6 /* FilterButtonView.swift in Sources */ = {isa = PBXBuildFile; fileRef = B142014A2C7B2C6600F4D1D6 /* FilterButtonView.swift */; };
		B151146F2C7A7DE500A9DCD7 /* CardViewModel.swift in Sources */ = {isa = PBXBuildFile; fileRef = B151146E2C7A7DE500A9DCD7 /* CardViewModel.swift */; };
		B1F6C56C2C7B5CEB00C8AFFC /* HistoryCardView.swift in Sources */ = {isa = PBXBuildFile; fileRef = B1F6C56B2C7B5CEB00C8AFFC /* HistoryCardView.swift */; };
		B1F6C56E2C7B656400C8AFFC /* FullScreenPhotoView.swift in Sources */ = {isa = PBXBuildFile; fileRef = B1F6C56D2C7B656400C8AFFC /* FullScreenPhotoView.swift */; };
/* End PBXBuildFile section */

/* Begin PBXFileReference section */
		B1044DD42C7D0E890066EA23 /* MarsPhotoDestination.swift */ = {isa = PBXFileReference; lastKnownFileType = sourcecode.swift; path = MarsPhotoDestination.swift; sourceTree = "<group>"; };
		B1044DD62C7D19040066EA23 /* HistoryCardViewModel.swift */ = {isa = PBXFileReference; lastKnownFileType = sourcecode.swift; path = HistoryCardViewModel.swift; sourceTree = "<group>"; };
		B1044DD92C7D1B730066EA23 /* HistoryContentConverter.swift */ = {isa = PBXFileReference; lastKnownFileType = sourcecode.swift; path = HistoryContentConverter.swift; sourceTree = "<group>"; };
		B10550112C7B36FB00B10169 /* HomeNavigationBarView.swift */ = {isa = PBXFileReference; lastKnownFileType = sourcecode.swift; path = HomeNavigationBarView.swift; sourceTree = "<group>"; };
		B10A10972C7DA60900739D83 /* HistoryNavBarView.swift */ = {isa = PBXFileReference; lastKnownFileType = sourcecode.swift; path = HistoryNavBarView.swift; sourceTree = "<group>"; };
		B10A109C2C7E135200739D83 /* CachedImageView.swift */ = {isa = PBXFileReference; lastKnownFileType = sourcecode.swift; path = CachedImageView.swift; sourceTree = "<group>"; };
		B10A109E2C7E136000739D83 /* CachedImageViewModel.swift */ = {isa = PBXFileReference; lastKnownFileType = sourcecode.swift; path = CachedImageViewModel.swift; sourceTree = "<group>"; };
		B115E41D2C7FA34A0048C337 /* FilterType.swift */ = {isa = PBXFileReference; lastKnownFileType = sourcecode.swift; path = FilterType.swift; sourceTree = "<group>"; };
		B115E4202C7FA6CE0048C337 /* FilterView.swift */ = {isa = PBXFileReference; lastKnownFileType = sourcecode.swift; path = FilterView.swift; sourceTree = "<group>"; };
		B123D3C82C7B74FB003E95B6 /* HistoryView.swift */ = {isa = PBXFileReference; lastKnownFileType = sourcecode.swift; path = HistoryView.swift; sourceTree = "<group>"; };
		B123D3CC2C7B7C59003E95B6 /* HomeFlow.swift */ = {isa = PBXFileReference; lastKnownFileType = sourcecode.swift; path = HomeFlow.swift; sourceTree = "<group>"; };
		B123D3D02C7B8032003E95B6 /* HistoryViewModel.swift */ = {isa = PBXFileReference; lastKnownFileType = sourcecode.swift; path = HistoryViewModel.swift; sourceTree = "<group>"; };
		B13179C92C79CBE800C43010 /* TextModifier.swift */ = {isa = PBXFileReference; lastKnownFileType = sourcecode.swift; path = TextModifier.swift; sourceTree = "<group>"; };
		B13179CB2C79D13300C43010 /* CardView.swift */ = {isa = PBXFileReference; lastKnownFileType = sourcecode.swift; path = CardView.swift; sourceTree = "<group>"; };
		B13179CD2C79E1A200C43010 /* CardRowView.swift */ = {isa = PBXFileReference; lastKnownFileType = sourcecode.swift; path = CardRowView.swift; sourceTree = "<group>"; };
		B13F02182C79311A00A69465 /* MarsPhoto.app */ = {isa = PBXFileReference; explicitFileType = wrapper.application; includeInIndex = 0; path = MarsPhoto.app; sourceTree = BUILT_PRODUCTS_DIR; };
		B13F021B2C79311A00A69465 /* MarsPhotoApp.swift */ = {isa = PBXFileReference; lastKnownFileType = sourcecode.swift; path = MarsPhotoApp.swift; sourceTree = "<group>"; };
		B13F021D2C79311A00A69465 /* ContentView.swift */ = {isa = PBXFileReference; lastKnownFileType = sourcecode.swift; path = ContentView.swift; sourceTree = "<group>"; };
		B13F021F2C79311B00A69465 /* Assets.xcassets */ = {isa = PBXFileReference; lastKnownFileType = folder.assetcatalog; path = Assets.xcassets; sourceTree = "<group>"; };
		B13F02222C79311B00A69465 /* Preview Assets.xcassets */ = {isa = PBXFileReference; lastKnownFileType = folder.assetcatalog; path = "Preview Assets.xcassets"; sourceTree = "<group>"; };
		B13F02242C79311B00A69465 /* Persistence.swift */ = {isa = PBXFileReference; lastKnownFileType = sourcecode.swift; path = Persistence.swift; sourceTree = "<group>"; };
		B13F02272C79311B00A69465 /* MarsPhoto.xcdatamodel */ = {isa = PBXFileReference; lastKnownFileType = wrapper.xcdatamodel; path = MarsPhoto.xcdatamodel; sourceTree = "<group>"; };
		B13F02332C79331500A69465 /* loadingItem.json */ = {isa = PBXFileReference; fileEncoding = 4; lastKnownFileType = text.json; path = loadingItem.json; sourceTree = "<group>"; };
		B13F023B2C79344500A69465 /* APIkey.swift */ = {isa = PBXFileReference; lastKnownFileType = sourcecode.swift; path = APIkey.swift; sourceTree = "<group>"; };
		B13F023D2C79347900A69465 /* PhotosResponse.swift */ = {isa = PBXFileReference; lastKnownFileType = sourcecode.swift; path = PhotosResponse.swift; sourceTree = "<group>"; };
		B13F023F2C7934A900A69465 /* Photo.swift */ = {isa = PBXFileReference; lastKnownFileType = sourcecode.swift; path = Photo.swift; sourceTree = "<group>"; };
		B13F02422C7934C800A69465 /* Rover.swift */ = {isa = PBXFileReference; lastKnownFileType = sourcecode.swift; path = Rover.swift; sourceTree = "<group>"; };
		B13F02462C7934FB00A69465 /* Camera.swift */ = {isa = PBXFileReference; lastKnownFileType = sourcecode.swift; path = Camera.swift; sourceTree = "<group>"; };
		B13F024C2C79354C00A69465 /* MarsPhotosError.swift */ = {isa = PBXFileReference; lastKnownFileType = sourcecode.swift; path = MarsPhotosError.swift; sourceTree = "<group>"; };
		B13F024E2C79357200A69465 /* NetworkService.swift */ = {isa = PBXFileReference; lastKnownFileType = sourcecode.swift; path = NetworkService.swift; sourceTree = "<group>"; };
		B13F02502C79359D00A69465 /* PreloaderView.swift */ = {isa = PBXFileReference; lastKnownFileType = sourcecode.swift; path = PreloaderView.swift; sourceTree = "<group>"; };
		B13F02532C79378100A69465 /* HomeView.swift */ = {isa = PBXFileReference; lastKnownFileType = sourcecode.swift; path = HomeView.swift; sourceTree = "<group>"; };
		B13F02552C79379D00A69465 /* HomeViewModel.swift */ = {isa = PBXFileReference; lastKnownFileType = sourcecode.swift; path = HomeViewModel.swift; sourceTree = "<group>"; };
		B14201452C7B153800F4D1D6 /* HomeContentConverter.swift */ = {isa = PBXFileReference; lastKnownFileType = sourcecode.swift; path = HomeContentConverter.swift; sourceTree = "<group>"; };
		B14201472C7B28D700F4D1D6 /* Info.plist */ = {isa = PBXFileReference; lastKnownFileType = text.plist; path = Info.plist; sourceTree = "<group>"; };
		B142014A2C7B2C6600F4D1D6 /* FilterButtonView.swift */ = {isa = PBXFileReference; lastKnownFileType = sourcecode.swift; path = FilterButtonView.swift; sourceTree = "<group>"; };
		B151146E2C7A7DE500A9DCD7 /* CardViewModel.swift */ = {isa = PBXFileReference; lastKnownFileType = sourcecode.swift; path = CardViewModel.swift; sourceTree = "<group>"; };
		B1F6C56B2C7B5CEB00C8AFFC /* HistoryCardView.swift */ = {isa = PBXFileReference; lastKnownFileType = sourcecode.swift; path = HistoryCardView.swift; sourceTree = "<group>"; };
		B1F6C56D2C7B656400C8AFFC /* FullScreenPhotoView.swift */ = {isa = PBXFileReference; lastKnownFileType = sourcecode.swift; path = FullScreenPhotoView.swift; sourceTree = "<group>"; };
/* End PBXFileReference section */

/* Begin PBXFrameworksBuildPhase section */
		B13F02152C79311A00A69465 /* Frameworks */ = {
			isa = PBXFrameworksBuildPhase;
			buildActionMask = 2147483647;
			files = (
				B13F02302C79324000A69465 /* Lottie in Frameworks */,
			);
			runOnlyForDeploymentPostprocessing = 0;
		};
/* End PBXFrameworksBuildPhase section */

/* Begin PBXGroup section */
		B1044DD32C7D0E6F0066EA23 /* Navigation */ = {
			isa = PBXGroup;
			children = (
				B1044DD42C7D0E890066EA23 /* MarsPhotoDestination.swift */,
			);
			path = Navigation;
			sourceTree = "<group>";
		};
		B1044DD82C7D1B610066EA23 /* Converters */ = {
			isa = PBXGroup;
			children = (
				B1044DD92C7D1B730066EA23 /* HistoryContentConverter.swift */,
			);
			path = Converters;
			sourceTree = "<group>";
		};
		B10550132C7B370400B10169 /* CustomNavigationBar */ = {
			isa = PBXGroup;
			children = (
				B10A10972C7DA60900739D83 /* HistoryNavBarView.swift */,
				B10550112C7B36FB00B10169 /* HomeNavigationBarView.swift */,
			);
			path = CustomNavigationBar;
			sourceTree = "<group>";
		};
		B10A109B2C7E133D00739D83 /* CachedImage */ = {
			isa = PBXGroup;
			children = (
				B10A109C2C7E135200739D83 /* CachedImageView.swift */,
				B10A109E2C7E136000739D83 /* CachedImageViewModel.swift */,
			);
			path = CachedImage;
			sourceTree = "<group>";
		};
		B115E41C2C7FA33D0048C337 /* Models */ = {
			isa = PBXGroup;
			children = (
				B115E41D2C7FA34A0048C337 /* FilterType.swift */,
			);
			path = Models;
			sourceTree = "<group>";
		};
		B115E41F2C7FA6B10048C337 /* Filter */ = {
			isa = PBXGroup;
			children = (
				B142014A2C7B2C6600F4D1D6 /* FilterButtonView.swift */,
				B115E4202C7FA6CE0048C337 /* FilterView.swift */,
			);
			path = Filter;
			sourceTree = "<group>";
		};
		B123D3C72C7B74DB003E95B6 /* History */ = {
			isa = PBXGroup;
			children = (
				B1044DD82C7D1B610066EA23 /* Converters */,
				B123D3C82C7B74FB003E95B6 /* HistoryView.swift */,
				B123D3D02C7B8032003E95B6 /* HistoryViewModel.swift */,
			);
			path = History;
			sourceTree = "<group>";
		};
		B123D3CA2C7B7C36003E95B6 /* Converters */ = {
			isa = PBXGroup;
			children = (
				B14201452C7B153800F4D1D6 /* HomeContentConverter.swift */,
			);
			path = Converters;
			sourceTree = "<group>";
		};
		B123D3CB2C7B7C49003E95B6 /* Flow */ = {
			isa = PBXGroup;
			children = (
				B123D3CC2C7B7C59003E95B6 /* HomeFlow.swift */,
			);
			path = Flow;
			sourceTree = "<group>";
		};
		B13179C82C79CBC100C43010 /* Extensions */ = {
			isa = PBXGroup;
			children = (
				B13179C92C79CBE800C43010 /* TextModifier.swift */,
			);
			path = Extensions;
			sourceTree = "<group>";
		};
		B13F020F2C79311A00A69465 = {
			isa = PBXGroup;
			children = (
				B13F021A2C79311A00A69465 /* MarsPhoto */,
				B13F02192C79311A00A69465 /* Products */,
			);
			sourceTree = "<group>";
		};
		B13F02192C79311A00A69465 /* Products */ = {
			isa = PBXGroup;
			children = (
				B13F02182C79311A00A69465 /* MarsPhoto.app */,
			);
			name = Products;
			sourceTree = "<group>";
		};
		B13F021A2C79311A00A69465 /* MarsPhoto */ = {
			isa = PBXGroup;
			children = (
				B13179C82C79CBC100C43010 /* Extensions */,
				B14201472C7B28D700F4D1D6 /* Info.plist */,
				B13F021B2C79311A00A69465 /* MarsPhotoApp.swift */,
				B1044DD32C7D0E6F0066EA23 /* Navigation */,
				B13F02392C79341700A69465 /* Network */,
				B13F02212C79311B00A69465 /* Preview Content */,
				B13F02322C7932D700A69465 /* Resources */,
				B13F02312C7932B400A69465 /* Storage */,
				B13F02572C7937E100A69465 /* UI */,
				B13F02522C7935A300A69465 /* Views */,
			);
			path = MarsPhoto;
			sourceTree = "<group>";
		};
		B13F02212C79311B00A69465 /* Preview Content */ = {
			isa = PBXGroup;
			children = (
				B13F02222C79311B00A69465 /* Preview Assets.xcassets */,
			);
			path = "Preview Content";
			sourceTree = "<group>";
		};
		B13F02312C7932B400A69465 /* Storage */ = {
			isa = PBXGroup;
			children = (
				B13F02242C79311B00A69465 /* Persistence.swift */,
				B13F02262C79311B00A69465 /* MarsPhoto.xcdatamodeld */,
				B13F021D2C79311A00A69465 /* ContentView.swift */,
			);
			path = Storage;
			sourceTree = "<group>";
		};
		B13F02322C7932D700A69465 /* Resources */ = {
			isa = PBXGroup;
			children = (
				B13F021F2C79311B00A69465 /* Assets.xcassets */,
				B13F02332C79331500A69465 /* loadingItem.json */,
			);
			path = Resources;
			sourceTree = "<group>";
		};
		B13F02392C79341700A69465 /* Network */ = {
			isa = PBXGroup;
			children = (
				B13F023B2C79344500A69465 /* APIkey.swift */,
				B13F023A2C79342800A69465 /* Models */,
				B13F024E2C79357200A69465 /* NetworkService.swift */,
			);
			name = Network;
			path = Storage/Network;
			sourceTree = "<group>";
		};
		B13F023A2C79342800A69465 /* Models */ = {
			isa = PBXGroup;
			children = (
				B13F023D2C79347900A69465 /* PhotosResponse.swift */,
				B13F023F2C7934A900A69465 /* Photo.swift */,
				B13F02422C7934C800A69465 /* Rover.swift */,
				B13F02462C7934FB00A69465 /* Camera.swift */,
				B13F024C2C79354C00A69465 /* MarsPhotosError.swift */,
			);
			path = Models;
			sourceTree = "<group>";
		};
		B13F02522C7935A300A69465 /* Views */ = {
			isa = PBXGroup;
			children = (
				B1F6C56D2C7B656400C8AFFC /* FullScreenPhotoView.swift */,
				B123D3C72C7B74DB003E95B6 /* History */,
				B14201442C7B150C00F4D1D6 /* Home */,
				B13F02502C79359D00A69465 /* PreloaderView.swift */,
			);
			path = Views;
			sourceTree = "<group>";
		};
		B13F02572C7937E100A69465 /* UI */ = {
			isa = PBXGroup;
			children = (
				B10A109B2C7E133D00739D83 /* CachedImage */,
				B10550132C7B370400B10169 /* CustomNavigationBar */,
				B115E41F2C7FA6B10048C337 /* Filter */,
				B1F6C56A2C7B5CC600C8AFFC /* HistoryCardView */,
				B14201482C7B2BF700F4D1D6 /* PhotoCard */,
			);
			path = UI;
			sourceTree = "<group>";
		};
		B14201442C7B150C00F4D1D6 /* Home */ = {
			isa = PBXGroup;
			children = (
				B115E41C2C7FA33D0048C337 /* Models */,
				B123D3CA2C7B7C36003E95B6 /* Converters */,
				B123D3CB2C7B7C49003E95B6 /* Flow */,
				B13F02532C79378100A69465 /* HomeView.swift */,
				B13F02552C79379D00A69465 /* HomeViewModel.swift */,
			);
			path = Home;
			sourceTree = "<group>";
		};
		B14201482C7B2BF700F4D1D6 /* PhotoCard */ = {
			isa = PBXGroup;
			children = (
				B13179CD2C79E1A200C43010 /* CardRowView.swift */,
				B151146E2C7A7DE500A9DCD7 /* CardViewModel.swift */,
				B13179CB2C79D13300C43010 /* CardView.swift */,
			);
			path = PhotoCard;
			sourceTree = "<group>";
		};
		B1F6C56A2C7B5CC600C8AFFC /* HistoryCardView */ = {
			isa = PBXGroup;
			children = (
				B1F6C56B2C7B5CEB00C8AFFC /* HistoryCardView.swift */,
				B1044DD62C7D19040066EA23 /* HistoryCardViewModel.swift */,
			);
			path = HistoryCardView;
			sourceTree = "<group>";
		};
/* End PBXGroup section */

/* Begin PBXNativeTarget section */
		B13F02172C79311A00A69465 /* MarsPhoto */ = {
			isa = PBXNativeTarget;
			buildConfigurationList = B13F022B2C79311B00A69465 /* Build configuration list for PBXNativeTarget "MarsPhoto" */;
			buildPhases = (
				B13F02142C79311A00A69465 /* Sources */,
				B13F02152C79311A00A69465 /* Frameworks */,
				B13F02162C79311A00A69465 /* Resources */,
			);
			buildRules = (
			);
			dependencies = (
			);
			name = MarsPhoto;
			packageProductDependencies = (
				B13F022F2C79324000A69465 /* Lottie */,
			);
			productName = MarsPhoto;
			productReference = B13F02182C79311A00A69465 /* MarsPhoto.app */;
			productType = "com.apple.product-type.application";
		};
/* End PBXNativeTarget section */

/* Begin PBXProject section */
		B13F02102C79311A00A69465 /* Project object */ = {
			isa = PBXProject;
			attributes = {
				BuildIndependentTargetsInParallel = 1;
				LastSwiftUpdateCheck = 1540;
				LastUpgradeCheck = 1540;
				TargetAttributes = {
					B13F02172C79311A00A69465 = {
						CreatedOnToolsVersion = 15.4;
					};
				};
			};
			buildConfigurationList = B13F02132C79311A00A69465 /* Build configuration list for PBXProject "MarsPhoto" */;
			compatibilityVersion = "Xcode 14.0";
			developmentRegion = en;
			hasScannedForEncodings = 0;
			knownRegions = (
				en,
				Base,
			);
			mainGroup = B13F020F2C79311A00A69465;
			packageReferences = (
				B13F022E2C79324000A69465 /* XCRemoteSwiftPackageReference "lottie-spm" */,
			);
			productRefGroup = B13F02192C79311A00A69465 /* Products */;
			projectDirPath = "";
			projectRoot = "";
			targets = (
				B13F02172C79311A00A69465 /* MarsPhoto */,
			);
		};
/* End PBXProject section */

/* Begin PBXResourcesBuildPhase section */
		B13F02162C79311A00A69465 /* Resources */ = {
			isa = PBXResourcesBuildPhase;
			buildActionMask = 2147483647;
			files = (
				B13F02232C79311B00A69465 /* Preview Assets.xcassets in Resources */,
				B13F02342C79331500A69465 /* loadingItem.json in Resources */,
				B13F02202C79311B00A69465 /* Assets.xcassets in Resources */,
			);
			runOnlyForDeploymentPostprocessing = 0;
		};
/* End PBXResourcesBuildPhase section */

/* Begin PBXSourcesBuildPhase section */
		B13F02142C79311A00A69465 /* Sources */ = {
			isa = PBXSourcesBuildPhase;
			buildActionMask = 2147483647;
			files = (
				B13F02562C79379D00A69465 /* HomeViewModel.swift in Sources */,
				B123D3C92C7B74FB003E95B6 /* HistoryView.swift in Sources */,
				B115E41E2C7FA34A0048C337 /* FilterType.swift in Sources */,
				B13179CE2C79E1A200C43010 /* CardRowView.swift in Sources */,
				B13F02402C7934A900A69465 /* Photo.swift in Sources */,
				B13F02472C7934FB00A69465 /* Camera.swift in Sources */,
				B10A10982C7DA60900739D83 /* HistoryNavBarView.swift in Sources */,
				B13F02252C79311B00A69465 /* Persistence.swift in Sources */,
				B13179CA2C79CBE800C43010 /* TextModifier.swift in Sources */,
				B123D3CD2C7B7C59003E95B6 /* HomeFlow.swift in Sources */,
				B115E4212C7FA6CE0048C337 /* FilterView.swift in Sources */,
				B142014B2C7B2C6600F4D1D6 /* FilterButtonView.swift in Sources */,
				B13F023C2C79344500A69465 /* APIkey.swift in Sources */,
				B1044DD52C7D0E890066EA23 /* MarsPhotoDestination.swift in Sources */,
				B10550122C7B36FB00B10169 /* HomeNavigationBarView.swift in Sources */,
				B123D3D12C7B8032003E95B6 /* HistoryViewModel.swift in Sources */,
				B1044DD72C7D19040066EA23 /* HistoryCardViewModel.swift in Sources */,
				B13179CC2C79D13300C43010 /* CardView.swift in Sources */,
				B13F024F2C79357200A69465 /* NetworkService.swift in Sources */,
				B1F6C56E2C7B656400C8AFFC /* FullScreenPhotoView.swift in Sources */,
				B13F021E2C79311A00A69465 /* ContentView.swift in Sources */,
				B13F02432C7934C800A69465 /* Rover.swift in Sources */,
				B10A109D2C7E135200739D83 /* CachedImageView.swift in Sources */,
				B1F6C56C2C7B5CEB00C8AFFC /* HistoryCardView.swift in Sources */,
				B14201462C7B153800F4D1D6 /* HomeContentConverter.swift in Sources */,
				B13F021C2C79311A00A69465 /* MarsPhotoApp.swift in Sources */,
				B13F024D2C79354C00A69465 /* MarsPhotosError.swift in Sources */,
				B13F023E2C79347900A69465 /* PhotosResponse.swift in Sources */,
				B1044DDA2C7D1B730066EA23 /* HistoryContentConverter.swift in Sources */,
				B13F02542C79378100A69465 /* HomeView.swift in Sources */,
				B10A109F2C7E136000739D83 /* CachedImageViewModel.swift in Sources */,
				B13F02282C79311B00A69465 /* MarsPhoto.xcdatamodeld in Sources */,
				B13F02512C79359D00A69465 /* PreloaderView.swift in Sources */,
				B151146F2C7A7DE500A9DCD7 /* CardViewModel.swift in Sources */,
			);
			runOnlyForDeploymentPostprocessing = 0;
		};
/* End PBXSourcesBuildPhase section */

/* Begin XCBuildConfiguration section */
		B13F02292C79311B00A69465 /* Debug */ = {
			isa = XCBuildConfiguration;
			buildSettings = {
				ALWAYS_SEARCH_USER_PATHS = NO;
				ASSETCATALOG_COMPILER_GENERATE_SWIFT_ASSET_SYMBOL_EXTENSIONS = YES;
				CLANG_ANALYZER_NONNULL = YES;
				CLANG_ANALYZER_NUMBER_OBJECT_CONVERSION = YES_AGGRESSIVE;
				CLANG_CXX_LANGUAGE_STANDARD = "gnu++20";
				CLANG_ENABLE_MODULES = YES;
				CLANG_ENABLE_OBJC_ARC = YES;
				CLANG_ENABLE_OBJC_WEAK = YES;
				CLANG_WARN_BLOCK_CAPTURE_AUTORELEASING = YES;
				CLANG_WARN_BOOL_CONVERSION = YES;
				CLANG_WARN_COMMA = YES;
				CLANG_WARN_CONSTANT_CONVERSION = YES;
				CLANG_WARN_DEPRECATED_OBJC_IMPLEMENTATIONS = YES;
				CLANG_WARN_DIRECT_OBJC_ISA_USAGE = YES_ERROR;
				CLANG_WARN_DOCUMENTATION_COMMENTS = YES;
				CLANG_WARN_EMPTY_BODY = YES;
				CLANG_WARN_ENUM_CONVERSION = YES;
				CLANG_WARN_INFINITE_RECURSION = YES;
				CLANG_WARN_INT_CONVERSION = YES;
				CLANG_WARN_NON_LITERAL_NULL_CONVERSION = YES;
				CLANG_WARN_OBJC_IMPLICIT_RETAIN_SELF = YES;
				CLANG_WARN_OBJC_LITERAL_CONVERSION = YES;
				CLANG_WARN_OBJC_ROOT_CLASS = YES_ERROR;
				CLANG_WARN_QUOTED_INCLUDE_IN_FRAMEWORK_HEADER = YES;
				CLANG_WARN_RANGE_LOOP_ANALYSIS = YES;
				CLANG_WARN_STRICT_PROTOTYPES = YES;
				CLANG_WARN_SUSPICIOUS_MOVE = YES;
				CLANG_WARN_UNGUARDED_AVAILABILITY = YES_AGGRESSIVE;
				CLANG_WARN_UNREACHABLE_CODE = YES;
				CLANG_WARN__DUPLICATE_METHOD_MATCH = YES;
				COPY_PHASE_STRIP = NO;
				DEBUG_INFORMATION_FORMAT = dwarf;
				ENABLE_STRICT_OBJC_MSGSEND = YES;
				ENABLE_TESTABILITY = YES;
				ENABLE_USER_SCRIPT_SANDBOXING = YES;
				GCC_C_LANGUAGE_STANDARD = gnu17;
				GCC_DYNAMIC_NO_PIC = NO;
				GCC_NO_COMMON_BLOCKS = YES;
				GCC_OPTIMIZATION_LEVEL = 0;
				GCC_PREPROCESSOR_DEFINITIONS = (
					"DEBUG=1",
					"$(inherited)",
				);
				GCC_WARN_64_TO_32_BIT_CONVERSION = YES;
				GCC_WARN_ABOUT_RETURN_TYPE = YES_ERROR;
				GCC_WARN_UNDECLARED_SELECTOR = YES;
				GCC_WARN_UNINITIALIZED_AUTOS = YES_AGGRESSIVE;
				GCC_WARN_UNUSED_FUNCTION = YES;
				GCC_WARN_UNUSED_VARIABLE = YES;
				IPHONEOS_DEPLOYMENT_TARGET = 17.5;
				LOCALIZATION_PREFERS_STRING_CATALOGS = YES;
				MTL_ENABLE_DEBUG_INFO = INCLUDE_SOURCE;
				MTL_FAST_MATH = YES;
				ONLY_ACTIVE_ARCH = YES;
				SDKROOT = iphoneos;
				SWIFT_ACTIVE_COMPILATION_CONDITIONS = "DEBUG $(inherited)";
				SWIFT_OPTIMIZATION_LEVEL = "-Onone";
			};
			name = Debug;
		};
		B13F022A2C79311B00A69465 /* Release */ = {
			isa = XCBuildConfiguration;
			buildSettings = {
				ALWAYS_SEARCH_USER_PATHS = NO;
				ASSETCATALOG_COMPILER_GENERATE_SWIFT_ASSET_SYMBOL_EXTENSIONS = YES;
				CLANG_ANALYZER_NONNULL = YES;
				CLANG_ANALYZER_NUMBER_OBJECT_CONVERSION = YES_AGGRESSIVE;
				CLANG_CXX_LANGUAGE_STANDARD = "gnu++20";
				CLANG_ENABLE_MODULES = YES;
				CLANG_ENABLE_OBJC_ARC = YES;
				CLANG_ENABLE_OBJC_WEAK = YES;
				CLANG_WARN_BLOCK_CAPTURE_AUTORELEASING = YES;
				CLANG_WARN_BOOL_CONVERSION = YES;
				CLANG_WARN_COMMA = YES;
				CLANG_WARN_CONSTANT_CONVERSION = YES;
				CLANG_WARN_DEPRECATED_OBJC_IMPLEMENTATIONS = YES;
				CLANG_WARN_DIRECT_OBJC_ISA_USAGE = YES_ERROR;
				CLANG_WARN_DOCUMENTATION_COMMENTS = YES;
				CLANG_WARN_EMPTY_BODY = YES;
				CLANG_WARN_ENUM_CONVERSION = YES;
				CLANG_WARN_INFINITE_RECURSION = YES;
				CLANG_WARN_INT_CONVERSION = YES;
				CLANG_WARN_NON_LITERAL_NULL_CONVERSION = YES;
				CLANG_WARN_OBJC_IMPLICIT_RETAIN_SELF = YES;
				CLANG_WARN_OBJC_LITERAL_CONVERSION = YES;
				CLANG_WARN_OBJC_ROOT_CLASS = YES_ERROR;
				CLANG_WARN_QUOTED_INCLUDE_IN_FRAMEWORK_HEADER = YES;
				CLANG_WARN_RANGE_LOOP_ANALYSIS = YES;
				CLANG_WARN_STRICT_PROTOTYPES = YES;
				CLANG_WARN_SUSPICIOUS_MOVE = YES;
				CLANG_WARN_UNGUARDED_AVAILABILITY = YES_AGGRESSIVE;
				CLANG_WARN_UNREACHABLE_CODE = YES;
				CLANG_WARN__DUPLICATE_METHOD_MATCH = YES;
				COPY_PHASE_STRIP = NO;
				DEBUG_INFORMATION_FORMAT = "dwarf-with-dsym";
				ENABLE_NS_ASSERTIONS = NO;
				ENABLE_STRICT_OBJC_MSGSEND = YES;
				ENABLE_USER_SCRIPT_SANDBOXING = YES;
				GCC_C_LANGUAGE_STANDARD = gnu17;
				GCC_NO_COMMON_BLOCKS = YES;
				GCC_WARN_64_TO_32_BIT_CONVERSION = YES;
				GCC_WARN_ABOUT_RETURN_TYPE = YES_ERROR;
				GCC_WARN_UNDECLARED_SELECTOR = YES;
				GCC_WARN_UNINITIALIZED_AUTOS = YES_AGGRESSIVE;
				GCC_WARN_UNUSED_FUNCTION = YES;
				GCC_WARN_UNUSED_VARIABLE = YES;
				IPHONEOS_DEPLOYMENT_TARGET = 17.5;
				LOCALIZATION_PREFERS_STRING_CATALOGS = YES;
				MTL_ENABLE_DEBUG_INFO = NO;
				MTL_FAST_MATH = YES;
				SDKROOT = iphoneos;
				SWIFT_COMPILATION_MODE = wholemodule;
				VALIDATE_PRODUCT = YES;
			};
			name = Release;
		};
		B13F022C2C79311B00A69465 /* Debug */ = {
			isa = XCBuildConfiguration;
			buildSettings = {
				ASSETCATALOG_COMPILER_APPICON_NAME = AppIcon;
				ASSETCATALOG_COMPILER_GLOBAL_ACCENT_COLOR_NAME = AccentColor;
				CODE_SIGN_STYLE = Automatic;
				CURRENT_PROJECT_VERSION = 1;
				DEVELOPMENT_ASSET_PATHS = "\"MarsPhoto/Preview Content\"";
				DEVELOPMENT_TEAM = 6VJYRLFV75;
				ENABLE_PREVIEWS = YES;
				GENERATE_INFOPLIST_FILE = YES;
				INFOPLIST_FILE = MarsPhoto/Info.plist;
				INFOPLIST_KEY_UIApplicationSceneManifest_Generation = YES;
				INFOPLIST_KEY_UIApplicationSupportsIndirectInputEvents = YES;
				INFOPLIST_KEY_UILaunchScreen_Generation = YES;
				INFOPLIST_KEY_UISupportedInterfaceOrientations = UIInterfaceOrientationPortrait;
				INFOPLIST_KEY_UISupportedInterfaceOrientations_iPad = "UIInterfaceOrientationLandscapeLeft UIInterfaceOrientationLandscapeRight UIInterfaceOrientationPortrait UIInterfaceOrientationPortraitUpsideDown";
				LD_RUNPATH_SEARCH_PATHS = (
					"$(inherited)",
					"@executable_path/Frameworks",
				);
				MARKETING_VERSION = 1.0;
				PRODUCT_BUNDLE_IDENTIFIER = "Anastasiia-Kutniakhova.MarsPhoto";
				PRODUCT_NAME = "$(TARGET_NAME)";
				SUPPORTED_PLATFORMS = "iphoneos iphonesimulator";
				SUPPORTS_MACCATALYST = NO;
				SUPPORTS_MAC_DESIGNED_FOR_IPHONE_IPAD = NO;
				SUPPORTS_XR_DESIGNED_FOR_IPHONE_IPAD = NO;
				SWIFT_EMIT_LOC_STRINGS = YES;
				SWIFT_VERSION = 5.0;
				TARGETED_DEVICE_FAMILY = 1;
			};
			name = Debug;
		};
		B13F022D2C79311B00A69465 /* Release */ = {
			isa = XCBuildConfiguration;
			buildSettings = {
				ASSETCATALOG_COMPILER_APPICON_NAME = AppIcon;
				ASSETCATALOG_COMPILER_GLOBAL_ACCENT_COLOR_NAME = AccentColor;
				CODE_SIGN_STYLE = Automatic;
				CURRENT_PROJECT_VERSION = 1;
				DEVELOPMENT_ASSET_PATHS = "\"MarsPhoto/Preview Content\"";
				DEVELOPMENT_TEAM = 6VJYRLFV75;
				ENABLE_PREVIEWS = YES;
				GENERATE_INFOPLIST_FILE = YES;
				INFOPLIST_FILE = MarsPhoto/Info.plist;
				INFOPLIST_KEY_UIApplicationSceneManifest_Generation = YES;
				INFOPLIST_KEY_UIApplicationSupportsIndirectInputEvents = YES;
				INFOPLIST_KEY_UILaunchScreen_Generation = YES;
				INFOPLIST_KEY_UISupportedInterfaceOrientations = UIInterfaceOrientationPortrait;
				INFOPLIST_KEY_UISupportedInterfaceOrientations_iPad = "UIInterfaceOrientationLandscapeLeft UIInterfaceOrientationLandscapeRight UIInterfaceOrientationPortrait UIInterfaceOrientationPortraitUpsideDown";
				LD_RUNPATH_SEARCH_PATHS = (
					"$(inherited)",
					"@executable_path/Frameworks",
				);
				MARKETING_VERSION = 1.0;
				PRODUCT_BUNDLE_IDENTIFIER = "Anastasiia-Kutniakhova.MarsPhoto";
				PRODUCT_NAME = "$(TARGET_NAME)";
				SUPPORTED_PLATFORMS = "iphoneos iphonesimulator";
				SUPPORTS_MACCATALYST = NO;
				SUPPORTS_MAC_DESIGNED_FOR_IPHONE_IPAD = NO;
				SUPPORTS_XR_DESIGNED_FOR_IPHONE_IPAD = NO;
				SWIFT_EMIT_LOC_STRINGS = YES;
				SWIFT_VERSION = 5.0;
				TARGETED_DEVICE_FAMILY = 1;
			};
			name = Release;
		};
/* End XCBuildConfiguration section */

/* Begin XCConfigurationList section */
		B13F02132C79311A00A69465 /* Build configuration list for PBXProject "MarsPhoto" */ = {
			isa = XCConfigurationList;
			buildConfigurations = (
				B13F02292C79311B00A69465 /* Debug */,
				B13F022A2C79311B00A69465 /* Release */,
			);
			defaultConfigurationIsVisible = 0;
			defaultConfigurationName = Release;
		};
		B13F022B2C79311B00A69465 /* Build configuration list for PBXNativeTarget "MarsPhoto" */ = {
			isa = XCConfigurationList;
			buildConfigurations = (
				B13F022C2C79311B00A69465 /* Debug */,
				B13F022D2C79311B00A69465 /* Release */,
			);
			defaultConfigurationIsVisible = 0;
			defaultConfigurationName = Release;
		};
/* End XCConfigurationList section */

/* Begin XCRemoteSwiftPackageReference section */
		B13F022E2C79324000A69465 /* XCRemoteSwiftPackageReference "lottie-spm" */ = {
			isa = XCRemoteSwiftPackageReference;
			repositoryURL = "https://github.com/airbnb/lottie-spm.git";
			requirement = {
				kind = upToNextMajorVersion;
				minimumVersion = 4.5.0;
			};
		};
/* End XCRemoteSwiftPackageReference section */

/* Begin XCSwiftPackageProductDependency section */
		B13F022F2C79324000A69465 /* Lottie */ = {
			isa = XCSwiftPackageProductDependency;
			package = B13F022E2C79324000A69465 /* XCRemoteSwiftPackageReference "lottie-spm" */;
			productName = Lottie;
		};
/* End XCSwiftPackageProductDependency section */

/* Begin XCVersionGroup section */
		B13F02262C79311B00A69465 /* MarsPhoto.xcdatamodeld */ = {
			isa = XCVersionGroup;
			children = (
				B13F02272C79311B00A69465 /* MarsPhoto.xcdatamodel */,
			);
			currentVersion = B13F02272C79311B00A69465 /* MarsPhoto.xcdatamodel */;
			path = MarsPhoto.xcdatamodeld;
			sourceTree = "<group>";
			versionGroupType = wrapper.xcdatamodel;
		};
/* End XCVersionGroup section */
	};
	rootObject = B13F02102C79311A00A69465 /* Project object */;
}
